
Microsoft Visual Studio Solution File, Format Version 12.00
# Visual Studio Version 17
VisualStudioVersion = 17.5.002.0
MinimumVisualStudioVersion = 10.0.40219.1
Project("{2150E333-8FDC-42A3-9474-1A3956D46DE8}") = "src", "src", "{A2E275AB-A60F-4605-96E7-8588C20BD986}"
EndProject
Project("{9A19103F-16F7-4668-BE54-9A1E7A4F7556}") = "web", "src\web\web.csproj", "{4448A2FD-E051-4523-B4A9-E27F67C54E34}"
EndProject
Global
	GlobalSection(SolutionConfigurationPlatforms) = preSolution
		Debug|Any CPU = Debug|Any CPU
		Release|Any CPU = Release|Any CPU
	EndGlobalSection
	GlobalSection(ProjectConfigurationPlatforms) = postSolution
		{4448A2FD-E051-4523-B4A9-E27F67C54E34}.Debug|Any CPU.ActiveCfg = Debug|Any CPU
		{4448A2FD-E051-4523-B4A9-E27F67C54E34}.Debug|Any CPU.Build.0 = Debug|Any CPU
		{4448A2FD-E051-4523-B4A9-E27F67C54E34}.Release|Any CPU.ActiveCfg = Release|Any CPU
		{4448A2FD-E051-4523-B4A9-E27F67C54E34}.Release|Any CPU.Build.0 = Release|Any CPU
	EndGlobalSection
	GlobalSection(SolutionProperties) = preSolution
		HideSolutionNode = FALSE
	EndGlobalSection
	GlobalSection(NestedProjects) = preSolution
		{4448A2FD-E051-4523-B4A9-E27F67C54E34} = {A2E275AB-A60F-4605-96E7-8588C20BD986}
	EndGlobalSection
	GlobalSection(ExtensibilityGlobals) = postSolution
		SolutionGuid = {80B874A3-B047-4164-87D7-21609C3FC146}
	EndGlobalSection
EndGlobal
